
Microsoft Visual Studio Solution File, Format Version 12.00
# Visual Studio Version 17
VisualStudioVersion = 17.14.36221.1 d17.14
MinimumVisualStudioVersion = 10.0.40219.1
Project("{FAE04EC0-301F-11D3-BF4B-00C04F79EFBC}") = "MyTestLib", "MyTestLib.csproj", "{AEAD5C2F-6661-4341-BD53-717EA7ADA31C}"
EndProject
Global
	GlobalSection(SolutionConfigurationPlatforms) = preSolution
		Debug|Any CPU = Debug|Any CPU
		Release|Any CPU = Release|Any CPU
	EndGlobalSection
	GlobalSection(ProjectConfigurationPlatforms) = postSolution
		{AEAD5C2F-6661-4341-BD53-717EA7ADA31C}.Debug|Any CPU.ActiveCfg = Debug|Any CPU
		{AEAD5C2F-6661-4341-BD53-717EA7ADA31C}.Debug|Any CPU.Build.0 = Debug|Any CPU
		{AEAD5C2F-6661-4341-BD53-717EA7ADA31C}.Release|Any CPU.ActiveCfg = Release|Any CPU
		{AEAD5C2F-6661-4341-BD53-717EA7ADA31C}.Release|Any CPU.Build.0 = Release|Any CPU
	EndGlobalSection
	GlobalSection(SolutionProperties) = preSolution
		HideSolutionNode = FALSE
	EndGlobalSection
	GlobalSection(ExtensibilityGlobals) = postSolution
		SolutionGuid = {259DBC98-817D-42C5-ABC4-D32C014D4741}
	EndGlobalSection
EndGlobal
